
Microsoft Visual Studio Solution File, Format Version 12.00
# Visual Studio Version 17
VisualStudioVersion = 17.8.34525.116
MinimumVisualStudioVersion = 10.0.40219.1
Project("{FAE04EC0-301F-11D3-BF4B-00C04F79EFBC}") = "Trabajadores de empresa", "Trabajadores de empresa\Trabajadores de empresa.csproj", "{08E8B44C-7BA4-46AC-86C6-3FDD96EB8BEC}"
EndProject
Global
	GlobalSection(SolutionConfigurationPlatforms) = preSolution
		Debug|Any CPU = Debug|Any CPU
		Release|Any CPU = Release|Any CPU
	EndGlobalSection
	GlobalSection(ProjectConfigurationPlatforms) = postSolution
		{08E8B44C-7BA4-46AC-86C6-3FDD96EB8BEC}.Debug|Any CPU.ActiveCfg = Debug|Any CPU
		{08E8B44C-7BA4-46AC-86C6-3FDD96EB8BEC}.Debug|Any CPU.Build.0 = Debug|Any CPU
		{08E8B44C-7BA4-46AC-86C6-3FDD96EB8BEC}.Release|Any CPU.ActiveCfg = Release|Any CPU
		{08E8B44C-7BA4-46AC-86C6-3FDD96EB8BEC}.Release|Any CPU.Build.0 = Release|Any CPU
	EndGlobalSection
	GlobalSection(SolutionProperties) = preSolution
		HideSolutionNode = FALSE
	EndGlobalSection
	GlobalSection(ExtensibilityGlobals) = postSolution
		SolutionGuid = {95EFBAB1-D01D-44F1-BC9E-7306B56F9F66}
	EndGlobalSection
EndGlobal
